
Microsoft Visual Studio Solution File, Format Version 12.00
# Visual Studio Version 16
VisualStudioVersion = 16.0.31112.23
MinimumVisualStudioVersion = 10.0.40219.1
Project("{FAE04EC0-301F-11D3-BF4B-00C04F79EFBC}") = "PresentationLayer", "PresentationLayer\PresentationLayer.csproj", "{CE977E14-682E-4103-928B-7A0E6DC4862A}"
EndProject
Project("{FAE04EC0-301F-11D3-BF4B-00C04F79EFBC}") = "DataAccessLayer", "DataAccessLayer\DataAccessLayer.csproj", "{2AD695CB-4B84-4592-8B28-E42FA34CBC0F}"
EndProject
Project("{FAE04EC0-301F-11D3-BF4B-00C04F79EFBC}") = "BusinessLoginLayer", "BusinessLoginLayer\BusinessLoginLayer.csproj", "{E1649305-7A29-46D0-B39E-DD376EA5D90B}"
EndProject
Project("{FAE04EC0-301F-11D3-BF4B-00C04F79EFBC}") = "Server", "Server\Server.csproj", "{74ABC815-7616-411A-8529-1ABA92EA8C63}"
EndProject
Project("{FAE04EC0-301F-11D3-BF4B-00C04F79EFBC}") = "CommandLibrary", "CommandLibrary\CommandLibrary.csproj", "{03E0EDC1-8743-45E1-B5D9-C3036700E306}"
EndProject
Global
	GlobalSection(SolutionConfigurationPlatforms) = preSolution
		Debug|Any CPU = Debug|Any CPU
		Release|Any CPU = Release|Any CPU
	EndGlobalSection
	GlobalSection(ProjectConfigurationPlatforms) = postSolution
		{CE977E14-682E-4103-928B-7A0E6DC4862A}.Debug|Any CPU.ActiveCfg = Debug|Any CPU
		{CE977E14-682E-4103-928B-7A0E6DC4862A}.Debug|Any CPU.Build.0 = Debug|Any CPU
		{CE977E14-682E-4103-928B-7A0E6DC4862A}.Release|Any CPU.ActiveCfg = Release|Any CPU
		{CE977E14-682E-4103-928B-7A0E6DC4862A}.Release|Any CPU.Build.0 = Release|Any CPU
		{2AD695CB-4B84-4592-8B28-E42FA34CBC0F}.Debug|Any CPU.ActiveCfg = Debug|Any CPU
		{2AD695CB-4B84-4592-8B28-E42FA34CBC0F}.Debug|Any CPU.Build.0 = Debug|Any CPU
		{2AD695CB-4B84-4592-8B28-E42FA34CBC0F}.Release|Any CPU.ActiveCfg = Release|Any CPU
		{2AD695CB-4B84-4592-8B28-E42FA34CBC0F}.Release|Any CPU.Build.0 = Release|Any CPU
		{E1649305-7A29-46D0-B39E-DD376EA5D90B}.Debug|Any CPU.ActiveCfg = Debug|Any CPU
		{E1649305-7A29-46D0-B39E-DD376EA5D90B}.Debug|Any CPU.Build.0 = Debug|Any CPU
		{E1649305-7A29-46D0-B39E-DD376EA5D90B}.Release|Any CPU.ActiveCfg = Release|Any CPU
		{E1649305-7A29-46D0-B39E-DD376EA5D90B}.Release|Any CPU.Build.0 = Release|Any CPU
		{74ABC815-7616-411A-8529-1ABA92EA8C63}.Debug|Any CPU.ActiveCfg = Debug|Any CPU
		{74ABC815-7616-411A-8529-1ABA92EA8C63}.Debug|Any CPU.Build.0 = Debug|Any CPU
		{74ABC815-7616-411A-8529-1ABA92EA8C63}.Release|Any CPU.ActiveCfg = Release|Any CPU
		{74ABC815-7616-411A-8529-1ABA92EA8C63}.Release|Any CPU.Build.0 = Release|Any CPU
		{03E0EDC1-8743-45E1-B5D9-C3036700E306}.Debug|Any CPU.ActiveCfg = Debug|Any CPU
		{03E0EDC1-8743-45E1-B5D9-C3036700E306}.Debug|Any CPU.Build.0 = Debug|Any CPU
		{03E0EDC1-8743-45E1-B5D9-C3036700E306}.Release|Any CPU.ActiveCfg = Release|Any CPU
		{03E0EDC1-8743-45E1-B5D9-C3036700E306}.Release|Any CPU.Build.0 = Release|Any CPU
	EndGlobalSection
	GlobalSection(SolutionProperties) = preSolution
		HideSolutionNode = FALSE
	EndGlobalSection
	GlobalSection(ExtensibilityGlobals) = postSolution
		SolutionGuid = {FD08F72E-AE96-4794-86A0-481F25856501}
	EndGlobalSection
EndGlobal
